// !$*UTF8*$!
{
	archiveVersion = 1;
	classes = {
	};
	objectVersion = 77;
	objects = {

/* Begin PBXBuildFile section */
		11EB100E964426B08CCF766E /* ReminderManager.swift in Sources */ = {isa = PBXBuildFile; fileRef = 3D24A38734A905A21FF6B48F /* ReminderManager.swift */; };
		13EDC82181567D664D73AF5E /* PurchaseManager.swift in Sources */ = {isa = PBXBuildFile; fileRef = 0D489585F4838BBA41E4FB9D /* PurchaseManager.swift */; };
		15DAF0089963AD37729DF022 /* Program.swift in Sources */ = {isa = PBXBuildFile; fileRef = 082358CD5AD7ABC389513246 /* Program.swift */; };
		191846DD4B90BB2DF7CBC97F /* DeLormeEngineTests.swift in Sources */ = {isa = PBXBuildFile; fileRef = E9D3164A60D94A16E61BE8F6 /* DeLormeEngineTests.swift */; };
		36A7E35E9099D842E678880D /* ExerciseConfigView.swift in Sources */ = {isa = PBXBuildFile; fileRef = 59C51824852D68ED7ED341F1 /* ExerciseConfigView.swift */; };
		47AF320DA68ACE5363B0CB49 /* PlannedWorkout.swift in Sources */ = {isa = PBXBuildFile; fileRef = 470F6F1A05C9A2D484C0E36A /* PlannedWorkout.swift */; };
		5442585F242DBFAAF6305BC2 /* HealthKitManager.swift in Sources */ = {isa = PBXBuildFile; fileRef = 28BAE0F7BF42C9280051F6AA /* HealthKitManager.swift */; };
		589C289A8EB66FA81730B6A4 /* WorkoutSessionView.swift in Sources */ = {isa = PBXBuildFile; fileRef = BBE0B6B0505FA78098F63C0A /* WorkoutSessionView.swift */; };
		601FCE4CD4777B09F0710563 /* TodayView.swift in Sources */ = {isa = PBXBuildFile; fileRef = 51290E3F22D165B32E5C8DCB /* TodayView.swift */; };
		6637A0CB54BBE20C188B2B16 /* TimerManager.swift in Sources */ = {isa = PBXBuildFile; fileRef = F874C3C7C055AE7A03043FCA /* TimerManager.swift */; };
		724624CCDB74E8D122A8B85F /* LaunchBurstView.swift in Sources */ = {isa = PBXBuildFile; fileRef = DC708DD6AB0C8267C257454C /* LaunchBurstView.swift */; };
		792DAC3E44D70DDCAC701D55 /* HowItWorksView.swift in Sources */ = {isa = PBXBuildFile; fileRef = 3B494F8FBF804AB405546F65 /* HowItWorksView.swift */; };
		79F8640D4C733385911D9057 /* PaywallView.swift in Sources */ = {isa = PBXBuildFile; fileRef = 88EA8629C7B49B55389A6AAC /* PaywallView.swift */; };
		7C4A73D6BD04B20FF5B7E99B /* WorkoutSession.swift in Sources */ = {isa = PBXBuildFile; fileRef = A96A50854BBB287E0B2E6968 /* WorkoutSession.swift */; };
		837DD9CEC3FA4B5A9958A286 /* Assets.xcassets in Resources */ = {isa = PBXBuildFile; fileRef = 54277CC5873978D27D75A7C1 /* Assets.xcassets */; };
		89229D21B80F7FB88697F518 /* ThemeManager.swift in Sources */ = {isa = PBXBuildFile; fileRef = 6E943710F794F3EB3BF42064 /* ThemeManager.swift */; };
		95FE6AAEFBE5757816BD09E4 /* BearTrainingApp.swift in Sources */ = {isa = PBXBuildFile; fileRef = 5999926251C4D27FB7BA36E5 /* BearTrainingApp.swift */; };
		96EBAB21E8C581DE4A80B9BC /* WorkoutViewModel.swift in Sources */ = {isa = PBXBuildFile; fileRef = 2214F00690B639441B5075BA /* WorkoutViewModel.swift */; };
		97E142F5E3A72AE623EA347C /* DeLormeEngine.swift in Sources */ = {isa = PBXBuildFile; fileRef = AC780DB2A1EC3AF137DE930D /* DeLormeEngine.swift */; };
		97F2E35EFA03B7871D781C47 /* SettingsView.swift in Sources */ = {isa = PBXBuildFile; fileRef = 243DC283DE3E8E1D9DDDB2F9 /* SettingsView.swift */; };
		A19F82860B61ADAE6840DBEA /* ProgramOverviewView.swift in Sources */ = {isa = PBXBuildFile; fileRef = BE273821247AA091E3326C40 /* ProgramOverviewView.swift */; };
		AC0F347539FE432A1612B3E9 /* ExerciseCatalog.swift in Sources */ = {isa = PBXBuildFile; fileRef = 785BE572FCB6E03C11C018DC /* ExerciseCatalog.swift */; };
		BE69909ABF9D9C4FFD847928 /* BodyweightEntry.swift in Sources */ = {isa = PBXBuildFile; fileRef = 529C5AF6B1D9D4E1E3D97B22 /* BodyweightEntry.swift */; };
		C8F55B0BCFEE479F192BF5FA /* BarbellGlyph.swift in Sources */ = {isa = PBXBuildFile; fileRef = 02FA8D23491F82B25A51AB76 /* BarbellGlyph.swift */; };
		D8F5F4753557CFDB3448BC69 /* ProgressView.swift in Sources */ = {isa = PBXBuildFile; fileRef = DF5CEC2A8A5A0FD7B6AE4D4D /* ProgressView.swift */; };
		F008F7B1FDFFAC95FC564657 /* Enums.swift in Sources */ = {isa = PBXBuildFile; fileRef = DA55539172EB93E72088FB6E /* Enums.swift */; };
		F10E99219E69860D57B8E28C /* AdManager.swift in Sources */ = {isa = PBXBuildFile; fileRef = 977F7F57A4AD697E47674987 /* AdManager.swift */; };
		F2A6DFF079BA0F3054891635 /* CompletedSet.swift in Sources */ = {isa = PBXBuildFile; fileRef = 536490E6AC54B974D71815C5 /* CompletedSet.swift */; };
		F3CAD4820046FA95D9E7BF16 /* Exercise.swift in Sources */ = {isa = PBXBuildFile; fileRef = 177E03AB36B1E231D1D863D4 /* Exercise.swift */; };
		F7C03CC43A9B43A4A926C1F2 /* OnboardingFlow.swift in Sources */ = {isa = PBXBuildFile; fileRef = C4B5EAF7CFDE28A2147BEA6C /* OnboardingFlow.swift */; };
		FED05942C28DB5F83EEC3667 /* ContentView.swift in Sources */ = {isa = PBXBuildFile; fileRef = E4F9B80E0329DB8EBB486E6C /* ContentView.swift */; };
/* End PBXBuildFile section */

/* Begin PBXContainerItemProxy section */
		AB92815DADB07803B5955EDC /* PBXContainerItemProxy */ = {
			isa = PBXContainerItemProxy;
			containerPortal = F5727BAFD7CB3156BA2953D7 /* Project object */;
			proxyType = 1;
			remoteGlobalIDString = 1282E7A88B9EC5CE6CCF731F;
			remoteInfo = Stronq;
		};
/* End PBXContainerItemProxy section */

/* Begin PBXFileReference section */
		02FA8D23491F82B25A51AB76 /* BarbellGlyph.swift */ = {isa = PBXFileReference; lastKnownFileType = sourcecode.swift; path = BarbellGlyph.swift; sourceTree = "<group>"; };
		082358CD5AD7ABC389513246 /* Program.swift */ = {isa = PBXFileReference; lastKnownFileType = sourcecode.swift; path = Program.swift; sourceTree = "<group>"; };
		0D489585F4838BBA41E4FB9D /* PurchaseManager.swift */ = {isa = PBXFileReference; lastKnownFileType = sourcecode.swift; path = PurchaseManager.swift; sourceTree = "<group>"; };
		177E03AB36B1E231D1D863D4 /* Exercise.swift */ = {isa = PBXFileReference; lastKnownFileType = sourcecode.swift; path = Exercise.swift; sourceTree = "<group>"; };
		2214F00690B639441B5075BA /* WorkoutViewModel.swift */ = {isa = PBXFileReference; lastKnownFileType = sourcecode.swift; path = WorkoutViewModel.swift; sourceTree = "<group>"; };
		243DC283DE3E8E1D9DDDB2F9 /* SettingsView.swift */ = {isa = PBXFileReference; lastKnownFileType = sourcecode.swift; path = SettingsView.swift; sourceTree = "<group>"; };
		28BAE0F7BF42C9280051F6AA /* HealthKitManager.swift */ = {isa = PBXFileReference; lastKnownFileType = sourcecode.swift; path = HealthKitManager.swift; sourceTree = "<group>"; };
		3B494F8FBF804AB405546F65 /* HowItWorksView.swift */ = {isa = PBXFileReference; lastKnownFileType = sourcecode.swift; path = HowItWorksView.swift; sourceTree = "<group>"; };
		3D24A38734A905A21FF6B48F /* ReminderManager.swift */ = {isa = PBXFileReference; lastKnownFileType = sourcecode.swift; path = ReminderManager.swift; sourceTree = "<group>"; };
		470F6F1A05C9A2D484C0E36A /* PlannedWorkout.swift */ = {isa = PBXFileReference; lastKnownFileType = sourcecode.swift; path = PlannedWorkout.swift; sourceTree = "<group>"; };
		51290E3F22D165B32E5C8DCB /* TodayView.swift */ = {isa = PBXFileReference; lastKnownFileType = sourcecode.swift; path = TodayView.swift; sourceTree = "<group>"; };
		529C5AF6B1D9D4E1E3D97B22 /* BodyweightEntry.swift */ = {isa = PBXFileReference; lastKnownFileType = sourcecode.swift; path = BodyweightEntry.swift; sourceTree = "<group>"; };
		536490E6AC54B974D71815C5 /* CompletedSet.swift */ = {isa = PBXFileReference; lastKnownFileType = sourcecode.swift; path = CompletedSet.swift; sourceTree = "<group>"; };
		54277CC5873978D27D75A7C1 /* Assets.xcassets */ = {isa = PBXFileReference; lastKnownFileType = folder.assetcatalog; path = Assets.xcassets; sourceTree = "<group>"; };
		5999926251C4D27FB7BA36E5 /* BearTrainingApp.swift */ = {isa = PBXFileReference; lastKnownFileType = sourcecode.swift; path = BearTrainingApp.swift; sourceTree = "<group>"; };
		59C51824852D68ED7ED341F1 /* ExerciseConfigView.swift */ = {isa = PBXFileReference; lastKnownFileType = sourcecode.swift; path = ExerciseConfigView.swift; sourceTree = "<group>"; };
		6E943710F794F3EB3BF42064 /* ThemeManager.swift */ = {isa = PBXFileReference; lastKnownFileType = sourcecode.swift; path = ThemeManager.swift; sourceTree = "<group>"; };
		75F7D1141B2291F26E8A4946 /* Stronq.entitlements */ = {isa = PBXFileReference; lastKnownFileType = text.plist.entitlements; path = Stronq.entitlements; sourceTree = "<group>"; };
		785BE572FCB6E03C11C018DC /* ExerciseCatalog.swift */ = {isa = PBXFileReference; lastKnownFileType = sourcecode.swift; path = ExerciseCatalog.swift; sourceTree = "<group>"; };
		88EA8629C7B49B55389A6AAC /* PaywallView.swift */ = {isa = PBXFileReference; lastKnownFileType = sourcecode.swift; path = PaywallView.swift; sourceTree = "<group>"; };
		97408B9B15B7120E8D44791D /* Stronq.app */ = {isa = PBXFileReference; includeInIndex = 0; lastKnownFileType = wrapper.application; path = Stronq.app; sourceTree = BUILT_PRODUCTS_DIR; };
		977F7F57A4AD697E47674987 /* AdManager.swift */ = {isa = PBXFileReference; lastKnownFileType = sourcecode.swift; path = AdManager.swift; sourceTree = "<group>"; };
		A2A229AFE15345FE40A1EAC6 /* Info.plist */ = {isa = PBXFileReference; lastKnownFileType = text.plist; path = Info.plist; sourceTree = "<group>"; };
		A96A50854BBB287E0B2E6968 /* WorkoutSession.swift */ = {isa = PBXFileReference; lastKnownFileType = sourcecode.swift; path = WorkoutSession.swift; sourceTree = "<group>"; };
		AC780DB2A1EC3AF137DE930D /* DeLormeEngine.swift */ = {isa = PBXFileReference; lastKnownFileType = sourcecode.swift; path = DeLormeEngine.swift; sourceTree = "<group>"; };
		BBE0B6B0505FA78098F63C0A /* WorkoutSessionView.swift */ = {isa = PBXFileReference; lastKnownFileType = sourcecode.swift; path = WorkoutSessionView.swift; sourceTree = "<group>"; };
		BE273821247AA091E3326C40 /* ProgramOverviewView.swift */ = {isa = PBXFileReference; lastKnownFileType = sourcecode.swift; path = ProgramOverviewView.swift; sourceTree = "<group>"; };
		C4B5EAF7CFDE28A2147BEA6C /* OnboardingFlow.swift */ = {isa = PBXFileReference; lastKnownFileType = sourcecode.swift; path = OnboardingFlow.swift; sourceTree = "<group>"; };
		DA55539172EB93E72088FB6E /* Enums.swift */ = {isa = PBXFileReference; lastKnownFileType = sourcecode.swift; path = Enums.swift; sourceTree = "<group>"; };
		DB88F98DF2816CD0CECDDB6C /* StronqTests.xctest */ = {isa = PBXFileReference; includeInIndex = 0; lastKnownFileType = wrapper.cfbundle; path = StronqTests.xctest; sourceTree = BUILT_PRODUCTS_DIR; };
		DC708DD6AB0C8267C257454C /* LaunchBurstView.swift */ = {isa = PBXFileReference; lastKnownFileType = sourcecode.swift; path = LaunchBurstView.swift; sourceTree = "<group>"; };
		DF5CEC2A8A5A0FD7B6AE4D4D /* ProgressView.swift */ = {isa = PBXFileReference; lastKnownFileType = sourcecode.swift; path = ProgressView.swift; sourceTree = "<group>"; };
		E4F9B80E0329DB8EBB486E6C /* ContentView.swift */ = {isa = PBXFileReference; lastKnownFileType = sourcecode.swift; path = ContentView.swift; sourceTree = "<group>"; };
		E9D3164A60D94A16E61BE8F6 /* DeLormeEngineTests.swift */ = {isa = PBXFileReference; lastKnownFileType = sourcecode.swift; path = DeLormeEngineTests.swift; sourceTree = "<group>"; };
		F874C3C7C055AE7A03043FCA /* TimerManager.swift */ = {isa = PBXFileReference; lastKnownFileType = sourcecode.swift; path = TimerManager.swift; sourceTree = "<group>"; };
/* End PBXFileReference section */

/* Begin PBXGroup section */
		1F1B02BD7A922F2C575B1A77 /* ViewModels */ = {
			isa = PBXGroup;
			children = (
				2214F00690B639441B5075BA /* WorkoutViewModel.swift */,
			);
			path = ViewModels;
			sourceTree = "<group>";
		};
		222DA1A846E5F5596E60E467 /* Components */ = {
			isa = PBXGroup;
			children = (
				02FA8D23491F82B25A51AB76 /* BarbellGlyph.swift */,
			);
			path = Components;
			sourceTree = "<group>";
		};
		232446390C56D7827561BDF4 /* StronqTests */ = {
			isa = PBXGroup;
			children = (
				E9D3164A60D94A16E61BE8F6 /* DeLormeEngineTests.swift */,
			);
			path = StronqTests;
			sourceTree = "<group>";
		};
		2537E37654A5F4A63194C53F /* Preview Content */ = {
			isa = PBXGroup;
			children = (
			);
			path = "Preview Content";
			sourceTree = "<group>";
		};
		349C98AA21CFA313D74819E4 /* App */ = {
			isa = PBXGroup;
			children = (
				5999926251C4D27FB7BA36E5 /* BearTrainingApp.swift */,
				E4F9B80E0329DB8EBB486E6C /* ContentView.swift */,
			);
			path = App;
			sourceTree = "<group>";
		};
		350790FBA92D33BADB534320 /* Models */ = {
			isa = PBXGroup;
			children = (
				529C5AF6B1D9D4E1E3D97B22 /* BodyweightEntry.swift */,
				536490E6AC54B974D71815C5 /* CompletedSet.swift */,
				DA55539172EB93E72088FB6E /* Enums.swift */,
				177E03AB36B1E231D1D863D4 /* Exercise.swift */,
				785BE572FCB6E03C11C018DC /* ExerciseCatalog.swift */,
				082358CD5AD7ABC389513246 /* Program.swift */,
				A96A50854BBB287E0B2E6968 /* WorkoutSession.swift */,
			);
			path = Models;
			sourceTree = "<group>";
		};
		3C2941517661EF6D580DD56B /* Program */ = {
			isa = PBXGroup;
			children = (
				BE273821247AA091E3326C40 /* ProgramOverviewView.swift */,
			);
			path = Program;
			sourceTree = "<group>";
		};
		4172AF0E4C8B68C7A496E663 /* Engine */ = {
			isa = PBXGroup;
			children = (
				AC780DB2A1EC3AF137DE930D /* DeLormeEngine.swift */,
				470F6F1A05C9A2D484C0E36A /* PlannedWorkout.swift */,
			);
			path = Engine;
			sourceTree = "<group>";
		};
		45DB4092AE50F146A104E922 /* Resources */ = {
			isa = PBXGroup;
			children = (
			);
			path = Resources;
			sourceTree = "<group>";
		};
		498CF6D190811194BBF1EC75 /* Products */ = {
			isa = PBXGroup;
			children = (
				97408B9B15B7120E8D44791D /* Stronq.app */,
				DB88F98DF2816CD0CECDDB6C /* StronqTests.xctest */,
			);
			name = Products;
			sourceTree = "<group>";
		};
		4F94E290B359B95BD64E31A8 /* Views */ = {
			isa = PBXGroup;
			children = (
				222DA1A846E5F5596E60E467 /* Components */,
				D302D96BF476FD0B57C1C495 /* Onboarding */,
				3C2941517661EF6D580DD56B /* Program */,
				F27B90A0535EB8A2B9FFE1C6 /* Progress */,
				8F228B4D3B9C31078F59ADA5 /* Settings */,
				867788ED19198197A2FFD0C7 /* Today */,
			);
			path = Views;
			sourceTree = "<group>";
		};
		867788ED19198197A2FFD0C7 /* Today */ = {
			isa = PBXGroup;
			children = (
				51290E3F22D165B32E5C8DCB /* TodayView.swift */,
				BBE0B6B0505FA78098F63C0A /* WorkoutSessionView.swift */,
			);
			path = Today;
			sourceTree = "<group>";
		};
		8F228B4D3B9C31078F59ADA5 /* Settings */ = {
			isa = PBXGroup;
			children = (
				59C51824852D68ED7ED341F1 /* ExerciseConfigView.swift */,
				3B494F8FBF804AB405546F65 /* HowItWorksView.swift */,
				88EA8629C7B49B55389A6AAC /* PaywallView.swift */,
				243DC283DE3E8E1D9DDDB2F9 /* SettingsView.swift */,
			);
			path = Settings;
			sourceTree = "<group>";
		};
		D302D96BF476FD0B57C1C495 /* Onboarding */ = {
			isa = PBXGroup;
			children = (
				DC708DD6AB0C8267C257454C /* LaunchBurstView.swift */,
				C4B5EAF7CFDE28A2147BEA6C /* OnboardingFlow.swift */,
			);
			path = Onboarding;
			sourceTree = "<group>";
		};
		D9CC57E0A70164B5C8CF2320 /* Utilities */ = {
			isa = PBXGroup;
			children = (
				977F7F57A4AD697E47674987 /* AdManager.swift */,
				28BAE0F7BF42C9280051F6AA /* HealthKitManager.swift */,
				0D489585F4838BBA41E4FB9D /* PurchaseManager.swift */,
				3D24A38734A905A21FF6B48F /* ReminderManager.swift */,
				6E943710F794F3EB3BF42064 /* ThemeManager.swift */,
				F874C3C7C055AE7A03043FCA /* TimerManager.swift */,
			);
			path = Utilities;
			sourceTree = "<group>";
		};
		D9E77964265FDB6B8B112D8B /* Stronq */ = {
			isa = PBXGroup;
			children = (
				54277CC5873978D27D75A7C1 /* Assets.xcassets */,
				A2A229AFE15345FE40A1EAC6 /* Info.plist */,
				75F7D1141B2291F26E8A4946 /* Stronq.entitlements */,
				349C98AA21CFA313D74819E4 /* App */,
				4172AF0E4C8B68C7A496E663 /* Engine */,
				350790FBA92D33BADB534320 /* Models */,
				2537E37654A5F4A63194C53F /* Preview Content */,
				45DB4092AE50F146A104E922 /* Resources */,
				D9CC57E0A70164B5C8CF2320 /* Utilities */,
				1F1B02BD7A922F2C575B1A77 /* ViewModels */,
				4F94E290B359B95BD64E31A8 /* Views */,
			);
			path = Stronq;
			sourceTree = "<group>";
		};
		EDD00C57651ADBC37CE31973 = {
			isa = PBXGroup;
			children = (
				D9E77964265FDB6B8B112D8B /* Stronq */,
				232446390C56D7827561BDF4 /* StronqTests */,
				498CF6D190811194BBF1EC75 /* Products */,
			);
			sourceTree = "<group>";
		};
		F27B90A0535EB8A2B9FFE1C6 /* Progress */ = {
			isa = PBXGroup;
			children = (
				DF5CEC2A8A5A0FD7B6AE4D4D /* ProgressView.swift */,
			);
			path = Progress;
			sourceTree = "<group>";
		};
/* End PBXGroup section */

/* Begin PBXNativeTarget section */
		1282E7A88B9EC5CE6CCF731F /* Stronq */ = {
			isa = PBXNativeTarget;
			buildConfigurationList = 12EDE5E3E433D8B6068C9E03 /* Build configuration list for PBXNativeTarget "Stronq" */;
			buildPhases = (
				7C4B5DF70D67B598A162D5E4 /* Sources */,
				87158EA7D4A711AA1A60C13A /* Resources */,
			);
			buildRules = (
			);
			dependencies = (
			);
			name = Stronq;
			packageProductDependencies = (
			);
			productName = Stronq;
			productReference = 97408B9B15B7120E8D44791D /* Stronq.app */;
			productType = "com.apple.product-type.application";
		};
		65342890605BF3565C211514 /* StronqTests */ = {
			isa = PBXNativeTarget;
			buildConfigurationList = E988CE781F3EACD6C2FF2C26 /* Build configuration list for PBXNativeTarget "StronqTests" */;
			buildPhases = (
				60259B6AE0BDE33B7A6C1004 /* Sources */,
			);
			buildRules = (
			);
			dependencies = (
				82E7EF3092AE9FFA2FD0D1A6 /* PBXTargetDependency */,
			);
			name = StronqTests;
			packageProductDependencies = (
			);
			productName = StronqTests;
			productReference = DB88F98DF2816CD0CECDDB6C /* StronqTests.xctest */;
			productType = "com.apple.product-type.bundle.unit-test";
		};
/* End PBXNativeTarget section */

/* Begin PBXProject section */
		F5727BAFD7CB3156BA2953D7 /* Project object */ = {
			isa = PBXProject;
			attributes = {
				BuildIndependentTargetsInParallel = YES;
				LastUpgradeCheck = 2640;
				TargetAttributes = {
					1282E7A88B9EC5CE6CCF731F = {
						DevelopmentTeam = 228DC29L7W;
					};
					65342890605BF3565C211514 = {
						DevelopmentTeam = 228DC29L7W;
					};
				};
			};
			buildConfigurationList = 6F89EAD1E79293750BF78863 /* Build configuration list for PBXProject "Stronq" */;
			developmentRegion = en;
			hasScannedForEncodings = 0;
			knownRegions = (
				Base,
				en,
			);
			mainGroup = EDD00C57651ADBC37CE31973;
			minimizedProjectReferenceProxies = 1;
			preferredProjectObjectVersion = 77;
			productRefGroup = 498CF6D190811194BBF1EC75 /* Products */;
			projectDirPath = "";
			projectRoot = "";
			targets = (
				1282E7A88B9EC5CE6CCF731F /* Stronq */,
				65342890605BF3565C211514 /* StronqTests */,
			);
		};
/* End PBXProject section */

/* Begin PBXResourcesBuildPhase section */
		87158EA7D4A711AA1A60C13A /* Resources */ = {
			isa = PBXResourcesBuildPhase;
			buildActionMask = 2147483647;
			files = (
				837DD9CEC3FA4B5A9958A286 /* Assets.xcassets in Resources */,
			);
			runOnlyForDeploymentPostprocessing = 0;
		};
/* End PBXResourcesBuildPhase section */

/* Begin PBXSourcesBuildPhase section */
		60259B6AE0BDE33B7A6C1004 /* Sources */ = {
			isa = PBXSourcesBuildPhase;
			buildActionMask = 2147483647;
			files = (
				191846DD4B90BB2DF7CBC97F /* DeLormeEngineTests.swift in Sources */,
			);
			runOnlyForDeploymentPostprocessing = 0;
		};
		7C4B5DF70D67B598A162D5E4 /* Sources */ = {
			isa = PBXSourcesBuildPhase;
			buildActionMask = 2147483647;
			files = (
				F10E99219E69860D57B8E28C /* AdManager.swift in Sources */,
				C8F55B0BCFEE479F192BF5FA /* BarbellGlyph.swift in Sources */,
				95FE6AAEFBE5757816BD09E4 /* BearTrainingApp.swift in Sources */,
				BE69909ABF9D9C4FFD847928 /* BodyweightEntry.swift in Sources */,
				F2A6DFF079BA0F3054891635 /* CompletedSet.swift in Sources */,
				FED05942C28DB5F83EEC3667 /* ContentView.swift in Sources */,
				97E142F5E3A72AE623EA347C /* DeLormeEngine.swift in Sources */,
				F008F7B1FDFFAC95FC564657 /* Enums.swift in Sources */,
				F3CAD4820046FA95D9E7BF16 /* Exercise.swift in Sources */,
				AC0F347539FE432A1612B3E9 /* ExerciseCatalog.swift in Sources */,
				36A7E35E9099D842E678880D /* ExerciseConfigView.swift in Sources */,
				5442585F242DBFAAF6305BC2 /* HealthKitManager.swift in Sources */,
				792DAC3E44D70DDCAC701D55 /* HowItWorksView.swift in Sources */,
				724624CCDB74E8D122A8B85F /* LaunchBurstView.swift in Sources */,
				F7C03CC43A9B43A4A926C1F2 /* OnboardingFlow.swift in Sources */,
				79F8640D4C733385911D9057 /* PaywallView.swift in Sources */,
				47AF320DA68ACE5363B0CB49 /* PlannedWorkout.swift in Sources */,
				15DAF0089963AD37729DF022 /* Program.swift in Sources */,
				A19F82860B61ADAE6840DBEA /* ProgramOverviewView.swift in Sources */,
				D8F5F4753557CFDB3448BC69 /* ProgressView.swift in Sources */,
				13EDC82181567D664D73AF5E /* PurchaseManager.swift in Sources */,
				11EB100E964426B08CCF766E /* ReminderManager.swift in Sources */,
				97F2E35EFA03B7871D781C47 /* SettingsView.swift in Sources */,
				89229D21B80F7FB88697F518 /* ThemeManager.swift in Sources */,
				6637A0CB54BBE20C188B2B16 /* TimerManager.swift in Sources */,
				601FCE4CD4777B09F0710563 /* TodayView.swift in Sources */,
				7C4A73D6BD04B20FF5B7E99B /* WorkoutSession.swift in Sources */,
				589C289A8EB66FA81730B6A4 /* WorkoutSessionView.swift in Sources */,
				96EBAB21E8C581DE4A80B9BC /* WorkoutViewModel.swift in Sources */,
			);
			runOnlyForDeploymentPostprocessing = 0;
		};
/* End PBXSourcesBuildPhase section */

/* Begin PBXTargetDependency section */
		82E7EF3092AE9FFA2FD0D1A6 /* PBXTargetDependency */ = {
			isa = PBXTargetDependency;
			target = 1282E7A88B9EC5CE6CCF731F /* Stronq */;
			targetProxy = AB92815DADB07803B5955EDC /* PBXContainerItemProxy */;
		};
/* End PBXTargetDependency section */

/* Begin XCBuildConfiguration section */
		00E7EB3C99990DDB086E2482 /* Release */ = {
			isa = XCBuildConfiguration;
			buildSettings = {
				BUNDLE_LOADER = "$(TEST_HOST)";
				GENERATE_INFOPLIST_FILE = YES;
				LD_RUNPATH_SEARCH_PATHS = (
					"$(inherited)",
					"@executable_path/Frameworks",
					"@loader_path/Frameworks",
				);
				PRODUCT_BUNDLE_IDENTIFIER = thorbjxrn.StronqTests;
				SDKROOT = iphoneos;
				TARGETED_DEVICE_FAMILY = "1,2";
				TEST_HOST = "$(BUILT_PRODUCTS_DIR)/Stronq.app/Stronq";
			};
			name = Release;
		};
		21EADBE3A66D93F9BB6EB08D /* Debug */ = {
			isa = XCBuildConfiguration;
			buildSettings = {
				ALWAYS_SEARCH_USER_PATHS = NO;
				CLANG_ANALYZER_NONNULL = YES;
				CLANG_ANALYZER_NUMBER_OBJECT_CONVERSION = YES_AGGRESSIVE;
				CLANG_CXX_LANGUAGE_STANDARD = "gnu++14";
				CLANG_CXX_LIBRARY = "libc++";
				CLANG_ENABLE_MODULES = YES;
				CLANG_ENABLE_OBJC_ARC = YES;
				CLANG_ENABLE_OBJC_WEAK = YES;
				CLANG_WARN_BLOCK_CAPTURE_AUTORELEASING = YES;
				CLANG_WARN_BOOL_CONVERSION = YES;
				CLANG_WARN_COMMA = YES;
				CLANG_WARN_CONSTANT_CONVERSION = YES;
				CLANG_WARN_DEPRECATED_OBJC_IMPLEMENTATIONS = YES;
				CLANG_WARN_DIRECT_OBJC_ISA_USAGE = YES_ERROR;
				CLANG_WARN_DOCUMENTATION_COMMENTS = YES;
				CLANG_WARN_EMPTY_BODY = YES;
				CLANG_WARN_ENUM_CONVERSION = YES;
				CLANG_WARN_INFINITE_RECURSION = YES;
				CLANG_WARN_INT_CONVERSION = YES;
				CLANG_WARN_NON_LITERAL_NULL_CONVERSION = YES;
				CLANG_WARN_OBJC_IMPLICIT_RETAIN_SELF = YES;
				CLANG_WARN_OBJC_LITERAL_CONVERSION = YES;
				CLANG_WARN_OBJC_ROOT_CLASS = YES_ERROR;
				CLANG_WARN_QUOTED_INCLUDE_IN_FRAMEWORK_HEADER = YES;
				CLANG_WARN_RANGE_LOOP_ANALYSIS = YES;
				CLANG_WARN_STRICT_PROTOTYPES = YES;
				CLANG_WARN_SUSPICIOUS_MOVE = YES;
				CLANG_WARN_UNGUARDED_AVAILABILITY = YES_AGGRESSIVE;
				CLANG_WARN_UNREACHABLE_CODE = YES;
				CLANG_WARN__DUPLICATE_METHOD_MATCH = YES;
				COPY_PHASE_STRIP = NO;
				DEBUG_INFORMATION_FORMAT = dwarf;
				DEVELOPMENT_TEAM = 228DC29L7W;
				ENABLE_STRICT_OBJC_MSGSEND = YES;
				ENABLE_TESTABILITY = YES;
				GCC_C_LANGUAGE_STANDARD = gnu11;
				GCC_DYNAMIC_NO_PIC = NO;
				GCC_NO_COMMON_BLOCKS = YES;
				GCC_OPTIMIZATION_LEVEL = 0;
				GCC_PREPROCESSOR_DEFINITIONS = (
					"$(inherited)",
					"DEBUG=1",
				);
				GCC_WARN_64_TO_32_BIT_CONVERSION = YES;
				GCC_WARN_ABOUT_RETURN_TYPE = YES_ERROR;
				GCC_WARN_UNDECLARED_SELECTOR = YES;
				GCC_WARN_UNINITIALIZED_AUTOS = YES_AGGRESSIVE;
				GCC_WARN_UNUSED_FUNCTION = YES;
				GCC_WARN_UNUSED_VARIABLE = YES;
				IPHONEOS_DEPLOYMENT_TARGET = 17.0;
				MTL_ENABLE_DEBUG_INFO = INCLUDE_SOURCE;
				MTL_FAST_MATH = YES;
				ONLY_ACTIVE_ARCH = YES;
				PRODUCT_NAME = "$(TARGET_NAME)";
				SDKROOT = iphoneos;
				SWIFT_ACTIVE_COMPILATION_CONDITIONS = DEBUG;
				SWIFT_OPTIMIZATION_LEVEL = "-Onone";
				SWIFT_VERSION = 6.0;
			};
			name = Debug;
		};
		6D0AFE8C4BA85ECAF5C318D9 /* Release */ = {
			isa = XCBuildConfiguration;
			buildSettings = {
				ALWAYS_SEARCH_USER_PATHS = NO;
				CLANG_ANALYZER_NONNULL = YES;
				CLANG_ANALYZER_NUMBER_OBJECT_CONVERSION = YES_AGGRESSIVE;
				CLANG_CXX_LANGUAGE_STANDARD = "gnu++14";
				CLANG_CXX_LIBRARY = "libc++";
				CLANG_ENABLE_MODULES = YES;
				CLANG_ENABLE_OBJC_ARC = YES;
				CLANG_ENABLE_OBJC_WEAK = YES;
				CLANG_WARN_BLOCK_CAPTURE_AUTORELEASING = YES;
				CLANG_WARN_BOOL_CONVERSION = YES;
				CLANG_WARN_COMMA = YES;
				CLANG_WARN_CONSTANT_CONVERSION = YES;
				CLANG_WARN_DEPRECATED_OBJC_IMPLEMENTATIONS = YES;
				CLANG_WARN_DIRECT_OBJC_ISA_USAGE = YES_ERROR;
				CLANG_WARN_DOCUMENTATION_COMMENTS = YES;
				CLANG_WARN_EMPTY_BODY = YES;
				CLANG_WARN_ENUM_CONVERSION = YES;
				CLANG_WARN_INFINITE_RECURSION = YES;
				CLANG_WARN_INT_CONVERSION = YES;
				CLANG_WARN_NON_LITERAL_NULL_CONVERSION = YES;
				CLANG_WARN_OBJC_IMPLICIT_RETAIN_SELF = YES;
				CLANG_WARN_OBJC_LITERAL_CONVERSION = YES;
				CLANG_WARN_OBJC_ROOT_CLASS = YES_ERROR;
				CLANG_WARN_QUOTED_INCLUDE_IN_FRAMEWORK_HEADER = YES;
				CLANG_WARN_RANGE_LOOP_ANALYSIS = YES;
				CLANG_WARN_STRICT_PROTOTYPES = YES;
				CLANG_WARN_SUSPICIOUS_MOVE = YES;
				CLANG_WARN_UNGUARDED_AVAILABILITY = YES_AGGRESSIVE;
				CLANG_WARN_UNREACHABLE_CODE = YES;
				CLANG_WARN__DUPLICATE_METHOD_MATCH = YES;
				COPY_PHASE_STRIP = NO;
				DEBUG_INFORMATION_FORMAT = "dwarf-with-dsym";
				DEVELOPMENT_TEAM = 228DC29L7W;
				ENABLE_NS_ASSERTIONS = NO;
				ENABLE_STRICT_OBJC_MSGSEND = YES;
				GCC_C_LANGUAGE_STANDARD = gnu11;
				GCC_NO_COMMON_BLOCKS = YES;
				GCC_WARN_64_TO_32_BIT_CONVERSION = YES;
				GCC_WARN_ABOUT_RETURN_TYPE = YES_ERROR;
				GCC_WARN_UNDECLARED_SELECTOR = YES;
				GCC_WARN_UNINITIALIZED_AUTOS = YES_AGGRESSIVE;
				GCC_WARN_UNUSED_FUNCTION = YES;
				GCC_WARN_UNUSED_VARIABLE = YES;
				IPHONEOS_DEPLOYMENT_TARGET = 17.0;
				MTL_ENABLE_DEBUG_INFO = NO;
				MTL_FAST_MATH = YES;
				PRODUCT_NAME = "$(TARGET_NAME)";
				SDKROOT = iphoneos;
				SWIFT_COMPILATION_MODE = wholemodule;
				SWIFT_OPTIMIZATION_LEVEL = "-O";
				SWIFT_VERSION = 6.0;
			};
			name = Release;
		};
		8E7EC9C02ABDD30BDB4DD733 /* Debug */ = {
			isa = XCBuildConfiguration;
			buildSettings = {
				BUNDLE_LOADER = "$(TEST_HOST)";
				GENERATE_INFOPLIST_FILE = YES;
				LD_RUNPATH_SEARCH_PATHS = (
					"$(inherited)",
					"@executable_path/Frameworks",
					"@loader_path/Frameworks",
				);
				PRODUCT_BUNDLE_IDENTIFIER = thorbjxrn.StronqTests;
				SDKROOT = iphoneos;
				TARGETED_DEVICE_FAMILY = "1,2";
				TEST_HOST = "$(BUILT_PRODUCTS_DIR)/Stronq.app/Stronq";
			};
			name = Debug;
		};
		97B0FF3C48EA23D5679EF24E /* Debug */ = {
			isa = XCBuildConfiguration;
			buildSettings = {
				ASSETCATALOG_COMPILER_APPICON_NAME = AppIcon;
				CODE_SIGN_ENTITLEMENTS = Stronq/Stronq.entitlements;
				CODE_SIGN_IDENTITY = "iPhone Developer";
				GENERATE_INFOPLIST_FILE = YES;
				INFOPLIST_FILE = Stronq/Info.plist;
				INFOPLIST_KEY_CFBundleDisplayName = Stronq;
				LD_RUNPATH_SEARCH_PATHS = (
					"$(inherited)",
					"@executable_path/Frameworks",
				);
				PRODUCT_BUNDLE_IDENTIFIER = thorbjxrn.Stronq;
				SDKROOT = iphoneos;
				SUPPORTS_LIVE_ACTIVITIES = YES;
				TARGETED_DEVICE_FAMILY = "1,2";
			};
			name = Debug;
		};
		DF2741629F43FA6F0473EA55 /* Release */ = {
			isa = XCBuildConfiguration;
			buildSettings = {
				ASSETCATALOG_COMPILER_APPICON_NAME = AppIcon;
				CODE_SIGN_ENTITLEMENTS = Stronq/Stronq.entitlements;
				CODE_SIGN_IDENTITY = "iPhone Developer";
				GENERATE_INFOPLIST_FILE = YES;
				INFOPLIST_FILE = Stronq/Info.plist;
				INFOPLIST_KEY_CFBundleDisplayName = Stronq;
				LD_RUNPATH_SEARCH_PATHS = (
					"$(inherited)",
					"@executable_path/Frameworks",
				);
				PRODUCT_BUNDLE_IDENTIFIER = thorbjxrn.Stronq;
				SDKROOT = iphoneos;
				SUPPORTS_LIVE_ACTIVITIES = YES;
				TARGETED_DEVICE_FAMILY = "1,2";
			};
			name = Release;
		};
/* End XCBuildConfiguration section */

/* Begin XCConfigurationList section */
		12EDE5E3E433D8B6068C9E03 /* Build configuration list for PBXNativeTarget "Stronq" */ = {
			isa = XCConfigurationList;
			buildConfigurations = (
				97B0FF3C48EA23D5679EF24E /* Debug */,
				DF2741629F43FA6F0473EA55 /* Release */,
			);
			defaultConfigurationIsVisible = 0;
			defaultConfigurationName = Debug;
		};
		6F89EAD1E79293750BF78863 /* Build configuration list for PBXProject "Stronq" */ = {
			isa = XCConfigurationList;
			buildConfigurations = (
				21EADBE3A66D93F9BB6EB08D /* Debug */,
				6D0AFE8C4BA85ECAF5C318D9 /* Release */,
			);
			defaultConfigurationIsVisible = 0;
			defaultConfigurationName = Debug;
		};
		E988CE781F3EACD6C2FF2C26 /* Build configuration list for PBXNativeTarget "StronqTests" */ = {
			isa = XCConfigurationList;
			buildConfigurations = (
				8E7EC9C02ABDD30BDB4DD733 /* Debug */,
				00E7EB3C99990DDB086E2482 /* Release */,
			);
			defaultConfigurationIsVisible = 0;
			defaultConfigurationName = Debug;
		};
/* End XCConfigurationList section */
	};
	rootObject = F5727BAFD7CB3156BA2953D7 /* Project object */;
}
